{
  "name": "kleros-attacks",
  "version": "1.0.0",
  "lockfileVersion": 1,
  "requires": true,
  "dependencies": {
    "any-promise": {
      "version": "1.3.0",
      "resolved": "https://registry.npmjs.org/any-promise/-/any-promise-1.3.0.tgz",
      "integrity": "sha1-q8av7tzqUugJzcA3au0845Y10X8="
    },
    "eth-contract-class": {
      "version": "0.0.6",
      "resolved": "https://registry.npmjs.org/eth-contract-class/-/eth-contract-class-0.0.6.tgz",
      "integrity": "sha1-OYuJUhScx0fLlZ+otdSAKIx6i84=",
      "requires": {
        "web3-core-promievent": "^1.0.0-beta.21"
      }
    },
    "eventemitter3": {
      "version": "1.1.1",
      "resolved": "https://registry.npmjs.org/eventemitter3/-/eventemitter3-1.1.1.tgz",
      "integrity": "sha1-R3hr2qCHyvext15zq8XH1UAVjNA="
    },
    "kleros-interaction": {
      "version": "0.0.17",
      "resolved": "https://registry.npmjs.org/kleros-interaction/-/kleros-interaction-0.0.17.tgz",
      "integrity": "sha512-Akz8SN7FbZlA6BzAewHlTnQ2UVVqGvFtfrWVIK5/T6uH+Mh19QuAz5pgdCU1khGwJGDwo/5U9vKSM8VXpW4KZw==",
      "requires": {
        "minimetoken": "^0.2.0",
        "zeppelin-solidity": "^1.7.0"
      }
    },
    "minimetoken": {
      "version": "0.2.0",
      "resolved": "https://registry.npmjs.org/minimetoken/-/minimetoken-0.2.0.tgz",
      "integrity": "sha512-oRwMg4tbr4sAznQ8+eS6ZQbrIQNt2Qn0wTFHQJVlPCCQ1cgq24h1B2KIaUtqIUu/eKZi7a5NE1MOcv0tZQxYFQ==",
      "requires": {
        "eth-contract-class": "0.0.6"
      }
    },
    "web3-core-promievent": {
      "version": "1.0.0-beta.34",
      "resolved": "https://registry.npmjs.org/web3-core-promievent/-/web3-core-promievent-1.0.0-beta.34.tgz",
      "integrity": "sha1-pPT6Z4S7KT6CxglgrltWqUzQPtw=",
      "requires": {
        "any-promise": "1.3.0",
        "eventemitter3": "1.1.1"
      }
    },
    "zeppelin-solidity": {
      "version": "1.10.0",
      "resolved": "https://registry.npmjs.org/zeppelin-solidity/-/zeppelin-solidity-1.10.0.tgz",
      "integrity": "sha512-+7vO3ltfNdCJ8E8NKFlC0PKQUh9PTFm71o1u0vgZdJ0U20NTMRkYx/jepa0+B//vikFv4P6Zf74AULqsKJ/xhQ=="
    }
  }
}
